
Microsoft Visual Studio Solution File, Format Version 12.00
# Visual Studio Version 16
VisualStudioVersion = 16.0.30804.86
MinimumVisualStudioVersion = 10.0.40219.1
Project("{9A19103F-16F7-4668-BE54-9A1E7A4F7556}") = "DiegoG.LedgerBase", "LedgerBase\DiegoG.LedgerBase.csproj", "{92EA11B6-90BA-4F5C-88F5-F8A4F2643432}"
EndProject
Project("{9A19103F-16F7-4668-BE54-9A1E7A4F7556}") = "DiegoG.Utilities.Serialization", "..\DGUtilities\DiegoG.Utilities.Serialization\DiegoG.Utilities.Serialization.csproj", "{DD5FF54F-10F8-49DA-9816-DCB00FA4E4A1}"
EndProject
Project("{9A19103F-16F7-4668-BE54-9A1E7A4F7556}") = "DiegoG.Utilities.Collections", "..\DGUtilities\DiegoG.Utilities.Collections\DiegoG.Utilities.Collections.csproj", "{6FBB3A23-3EDD-4B8C-A2EF-ABEC0B9003D2}"
EndProject
Project("{9A19103F-16F7-4668-BE54-9A1E7A4F7556}") = "DiegoG.Utilities.Basic", "..\DGUtilities\DiegoG.Utilities.Basic\DiegoG.Utilities.Basic.csproj", "{7A4AAFA9-4E3A-403F-92A5-15E276987E16}"
EndProject
Project("{9A19103F-16F7-4668-BE54-9A1E7A4F7556}") = "DiegoG.Utilities.Personal", "..\DGUtilities\DiegoG.Utilities.Personal\DiegoG.Utilities.Personal.csproj", "{680D04AA-9B8A-401D-8F96-D4B507CF6CE8}"
EndProject
Project("{9A19103F-16F7-4668-BE54-9A1E7A4F7556}") = "DiegoG.LedgerConsole", "LedgerConsole\DiegoG.LedgerConsole.csproj", "{69D40698-A868-488F-8117-EBF5E6D045E8}"
EndProject
Project("{9A19103F-16F7-4668-BE54-9A1E7A4F7556}") = "DiegoG.CLI", "..\DGUtilities\DiegoG.CLI\DiegoG.CLI.csproj", "{5E2A91BA-0191-4106-8FBE-456260106ABB}"
EndProject
Project("{9A19103F-16F7-4668-BE54-9A1E7A4F7556}") = "DiegoG.Utilities.Base", "..\DGUtilities\DiegoG.Utilities.Base\DiegoG.Utilities.Base.csproj", "{00808E8A-5C95-4569-9D49-E5493EDB7C34}"
EndProject
Global
	GlobalSection(SolutionConfigurationPlatforms) = preSolution
		Debug|Any CPU = Debug|Any CPU
		Release|Any CPU = Release|Any CPU
	EndGlobalSection
	GlobalSection(ProjectConfigurationPlatforms) = postSolution
		{92EA11B6-90BA-4F5C-88F5-F8A4F2643432}.Debug|Any CPU.ActiveCfg = Debug|Any CPU
		{92EA11B6-90BA-4F5C-88F5-F8A4F2643432}.Debug|Any CPU.Build.0 = Debug|Any CPU
		{92EA11B6-90BA-4F5C-88F5-F8A4F2643432}.Release|Any CPU.ActiveCfg = Release|Any CPU
		{92EA11B6-90BA-4F5C-88F5-F8A4F2643432}.Release|Any CPU.Build.0 = Release|Any CPU
		{DD5FF54F-10F8-49DA-9816-DCB00FA4E4A1}.Debug|Any CPU.ActiveCfg = Debug|Any CPU
		{DD5FF54F-10F8-49DA-9816-DCB00FA4E4A1}.Debug|Any CPU.Build.0 = Debug|Any CPU
		{DD5FF54F-10F8-49DA-9816-DCB00FA4E4A1}.Release|Any CPU.ActiveCfg = Release|Any CPU
		{DD5FF54F-10F8-49DA-9816-DCB00FA4E4A1}.Release|Any CPU.Build.0 = Release|Any CPU
		{6FBB3A23-3EDD-4B8C-A2EF-ABEC0B9003D2}.Debug|Any CPU.ActiveCfg = Debug|Any CPU
		{6FBB3A23-3EDD-4B8C-A2EF-ABEC0B9003D2}.Debug|Any CPU.Build.0 = Debug|Any CPU
		{6FBB3A23-3EDD-4B8C-A2EF-ABEC0B9003D2}.Release|Any CPU.ActiveCfg = Release|Any CPU
		{6FBB3A23-3EDD-4B8C-A2EF-ABEC0B9003D2}.Release|Any CPU.Build.0 = Release|Any CPU
		{7A4AAFA9-4E3A-403F-92A5-15E276987E16}.Debug|Any CPU.ActiveCfg = Debug|Any CPU
		{7A4AAFA9-4E3A-403F-92A5-15E276987E16}.Debug|Any CPU.Build.0 = Debug|Any CPU
		{7A4AAFA9-4E3A-403F-92A5-15E276987E16}.Release|Any CPU.ActiveCfg = Release|Any CPU
		{7A4AAFA9-4E3A-403F-92A5-15E276987E16}.Release|Any CPU.Build.0 = Release|Any CPU
		{680D04AA-9B8A-401D-8F96-D4B507CF6CE8}.Debug|Any CPU.ActiveCfg = Debug|Any CPU
		{680D04AA-9B8A-401D-8F96-D4B507CF6CE8}.Debug|Any CPU.Build.0 = Debug|Any CPU
		{680D04AA-9B8A-401D-8F96-D4B507CF6CE8}.Release|Any CPU.ActiveCfg = Release|Any CPU
		{680D04AA-9B8A-401D-8F96-D4B507CF6CE8}.Release|Any CPU.Build.0 = Release|Any CPU
		{69D40698-A868-488F-8117-EBF5E6D045E8}.Debug|Any CPU.ActiveCfg = Debug|Any CPU
		{69D40698-A868-488F-8117-EBF5E6D045E8}.Debug|Any CPU.Build.0 = Debug|Any CPU
		{69D40698-A868-488F-8117-EBF5E6D045E8}.Release|Any CPU.ActiveCfg = Release|Any CPU
		{69D40698-A868-488F-8117-EBF5E6D045E8}.Release|Any CPU.Build.0 = Release|Any CPU
		{5E2A91BA-0191-4106-8FBE-456260106ABB}.Debug|Any CPU.ActiveCfg = Debug|Any CPU
		{5E2A91BA-0191-4106-8FBE-456260106ABB}.Debug|Any CPU.Build.0 = Debug|Any CPU
		{5E2A91BA-0191-4106-8FBE-456260106ABB}.Release|Any CPU.ActiveCfg = Release|Any CPU
		{5E2A91BA-0191-4106-8FBE-456260106ABB}.Release|Any CPU.Build.0 = Release|Any CPU
		{00808E8A-5C95-4569-9D49-E5493EDB7C34}.Debug|Any CPU.ActiveCfg = Debug|Any CPU
		{00808E8A-5C95-4569-9D49-E5493EDB7C34}.Debug|Any CPU.Build.0 = Debug|Any CPU
		{00808E8A-5C95-4569-9D49-E5493EDB7C34}.Release|Any CPU.ActiveCfg = Release|Any CPU
		{00808E8A-5C95-4569-9D49-E5493EDB7C34}.Release|Any CPU.Build.0 = Release|Any CPU
	EndGlobalSection
	GlobalSection(SolutionProperties) = preSolution
		HideSolutionNode = FALSE
	EndGlobalSection
	GlobalSection(ExtensibilityGlobals) = postSolution
		SolutionGuid = {E9239B67-C0AA-4EED-9119-8F74A63E2A14}
	EndGlobalSection
EndGlobal
